
Microsoft Visual Studio Solution File, Format Version 12.00
# Visual Studio 15
VisualStudioVersion = 15.0.26730.3
MinimumVisualStudioVersion = 10.0.40219.1
Project("{9A19103F-16F7-4668-BE54-9A1E7A4F7556}") = "NetTopologySuite.IO.PortableShape", "NetTopologySuite.IO.PortableShape\NetTopologySuite.IO.PortableShape.csproj", "{D2377148-FD4D-4707-A9A7-0A429DF4E76A}"
EndProject
Project("{9A19103F-16F7-4668-BE54-9A1E7A4F7556}") = "NetTopologySuite.IO.PortableShape.Tests.Functional", "NetTopologySuite.IO.PortableShape.Tests.Functional\NetTopologySuite.IO.PortableShape.Tests.Functional.csproj", "{5C6DAD53-A3B8-4CE8-8D6B-6F7221F91A23}"
EndProject
Project("{2150E333-8FDC-42A3-9474-1A3956D46DE8}") = "Solution Items", "Solution Items", "{F0F8DBA8-3305-4779-860B-9D06BA56FA11}"
	ProjectSection(SolutionItems) = preProject
		readme.md = readme.md
	EndProjectSection
EndProject
Project("{2150E333-8FDC-42A3-9474-1A3956D46DE8}") = "data", "data", "{A929591B-6FF1-43FF-9EE9-9DAF04E54D2B}"
	ProjectSection(SolutionItems) = preProject
		data\refpunt.dbf = data\refpunt.dbf
		data\refpunt.prj = data\refpunt.prj
		data\refpunt.shp = data\refpunt.shp
	EndProjectSection
EndProject
Global
	GlobalSection(SolutionConfigurationPlatforms) = preSolution
		Debug|Any CPU = Debug|Any CPU
		Release|Any CPU = Release|Any CPU
	EndGlobalSection
	GlobalSection(ProjectConfigurationPlatforms) = postSolution
		{D2377148-FD4D-4707-A9A7-0A429DF4E76A}.Debug|Any CPU.ActiveCfg = Debug|Any CPU
		{D2377148-FD4D-4707-A9A7-0A429DF4E76A}.Debug|Any CPU.Build.0 = Debug|Any CPU
		{D2377148-FD4D-4707-A9A7-0A429DF4E76A}.Release|Any CPU.ActiveCfg = Release|Any CPU
		{D2377148-FD4D-4707-A9A7-0A429DF4E76A}.Release|Any CPU.Build.0 = Release|Any CPU
		{5C6DAD53-A3B8-4CE8-8D6B-6F7221F91A23}.Debug|Any CPU.ActiveCfg = Debug|Any CPU
		{5C6DAD53-A3B8-4CE8-8D6B-6F7221F91A23}.Debug|Any CPU.Build.0 = Debug|Any CPU
		{5C6DAD53-A3B8-4CE8-8D6B-6F7221F91A23}.Release|Any CPU.ActiveCfg = Release|Any CPU
		{5C6DAD53-A3B8-4CE8-8D6B-6F7221F91A23}.Release|Any CPU.Build.0 = Release|Any CPU
	EndGlobalSection
	GlobalSection(SolutionProperties) = preSolution
		HideSolutionNode = FALSE
	EndGlobalSection
	GlobalSection(ExtensibilityGlobals) = postSolution
		SolutionGuid = {C0BBC110-232F-4F7F-BD19-7842329C7881}
	EndGlobalSection
EndGlobal
